
Microsoft Visual Studio Solution File, Format Version 12.00
# Blend for Visual Studio 15
VisualStudioVersion = 15.0.28307.1062
MinimumVisualStudioVersion = 10.0.40219.1
Project("{FAE04EC0-301F-11D3-BF4B-00C04F79EFBC}") = "RSIStandardEmulationApp1", "RSIStandardEmulationApp1\RSIStandardEmulationApp1.csproj", "{BDCB9AD1-F499-4E13-9800-08A24D5F476A}"
EndProject
Global
	GlobalSection(SolutionConfigurationPlatforms) = preSolution
		Debug|Any CPU = Debug|Any CPU
		Release|Any CPU = Release|Any CPU
	EndGlobalSection
	GlobalSection(ProjectConfigurationPlatforms) = postSolution
		{BDCB9AD1-F499-4E13-9800-08A24D5F476A}.Debug|Any CPU.ActiveCfg = Debug|Any CPU
		{BDCB9AD1-F499-4E13-9800-08A24D5F476A}.Debug|Any CPU.Build.0 = Debug|Any CPU
		{BDCB9AD1-F499-4E13-9800-08A24D5F476A}.Release|Any CPU.ActiveCfg = Release|Any CPU
		{BDCB9AD1-F499-4E13-9800-08A24D5F476A}.Release|Any CPU.Build.0 = Release|Any CPU
	EndGlobalSection
	GlobalSection(SolutionProperties) = preSolution
		HideSolutionNode = FALSE
	EndGlobalSection
	GlobalSection(ExtensibilityGlobals) = postSolution
		SolutionGuid = {9B0A28BE-9124-47CC-AA6F-8141861A4893}
	EndGlobalSection
EndGlobal
